
Microsoft Visual Studio Solution File, Format Version 12.00
# Visual Studio 15
VisualStudioVersion = 15.0.26430.15
MinimumVisualStudioVersion = 10.0.40219.1
Project("{FAE04EC0-301F-11D3-BF4B-00C04F79EFBC}") = "Foreman", "Foreman\Foreman.csproj", "{C574A82A-02F7-4A10-8C93-AF4638ECDE0D}"
EndProject
Project("{FAE04EC0-301F-11D3-BF4B-00C04F79EFBC}") = "ForemanTest", "ForemanTest\ForemanTest.csproj", "{7B688C0A-979D-4BB9-9E7A-84E63208A697}"
EndProject
Global
	GlobalSection(SolutionConfigurationPlatforms) = preSolution
		Debug|x64 = Debug|x64
		Release|x64 = Release|x64
	EndGlobalSection
	GlobalSection(ProjectConfigurationPlatforms) = postSolution
		{C574A82A-02F7-4A10-8C93-AF4638ECDE0D}.Debug|x64.ActiveCfg = Debug|x64
		{C574A82A-02F7-4A10-8C93-AF4638ECDE0D}.Debug|x64.Build.0 = Debug|x64
		{C574A82A-02F7-4A10-8C93-AF4638ECDE0D}.Release|x64.ActiveCfg = Release|x64
		{C574A82A-02F7-4A10-8C93-AF4638ECDE0D}.Release|x64.Build.0 = Release|x64
		{7B688C0A-979D-4BB9-9E7A-84E63208A697}.Debug|x64.ActiveCfg = Debug|x64
		{7B688C0A-979D-4BB9-9E7A-84E63208A697}.Debug|x64.Build.0 = Debug|x64
		{7B688C0A-979D-4BB9-9E7A-84E63208A697}.Release|x64.ActiveCfg = Release|x64
		{7B688C0A-979D-4BB9-9E7A-84E63208A697}.Release|x64.Build.0 = Release|x64
	EndGlobalSection
	GlobalSection(SolutionProperties) = preSolution
		HideSolutionNode = FALSE
	EndGlobalSection
EndGlobal
